
Microsoft Visual Studio Solution File, Format Version 12.00
# Visual Studio Version 16
VisualStudioVersion = 16.0.31702.278
MinimumVisualStudioVersion = 10.0.40219.1
Project("{9A19103F-16F7-4668-BE54-9A1E7A4F7556}") = "Task_1", "Homework-1\Task_1.csproj", "{FF023782-94F8-4507-91DC-2DBD7E898E77}"
EndProject
Project("{FAE04EC0-301F-11D3-BF4B-00C04F79EFBC}") = "Task_2", "Task_2\Task_2.csproj", "{CD445982-A5E4-442C-BD08-ACF5D6B00BE4}"
EndProject
Project("{FAE04EC0-301F-11D3-BF4B-00C04F79EFBC}") = "Task_3", "Task_3\Task_3.csproj", "{AD77A0F9-F98A-4AB7-9B12-B27CD29357A4}"
EndProject
Global
	GlobalSection(SolutionConfigurationPlatforms) = preSolution
		Debug|Any CPU = Debug|Any CPU
		Release|Any CPU = Release|Any CPU
	EndGlobalSection
	GlobalSection(ProjectConfigurationPlatforms) = postSolution
		{FF023782-94F8-4507-91DC-2DBD7E898E77}.Debug|Any CPU.ActiveCfg = Debug|Any CPU
		{FF023782-94F8-4507-91DC-2DBD7E898E77}.Debug|Any CPU.Build.0 = Debug|Any CPU
		{FF023782-94F8-4507-91DC-2DBD7E898E77}.Release|Any CPU.ActiveCfg = Release|Any CPU
		{FF023782-94F8-4507-91DC-2DBD7E898E77}.Release|Any CPU.Build.0 = Release|Any CPU
		{CD445982-A5E4-442C-BD08-ACF5D6B00BE4}.Debug|Any CPU.ActiveCfg = Debug|Any CPU
		{CD445982-A5E4-442C-BD08-ACF5D6B00BE4}.Debug|Any CPU.Build.0 = Debug|Any CPU
		{CD445982-A5E4-442C-BD08-ACF5D6B00BE4}.Release|Any CPU.ActiveCfg = Release|Any CPU
		{CD445982-A5E4-442C-BD08-ACF5D6B00BE4}.Release|Any CPU.Build.0 = Release|Any CPU
		{AD77A0F9-F98A-4AB7-9B12-B27CD29357A4}.Debug|Any CPU.ActiveCfg = Debug|Any CPU
		{AD77A0F9-F98A-4AB7-9B12-B27CD29357A4}.Debug|Any CPU.Build.0 = Debug|Any CPU
		{AD77A0F9-F98A-4AB7-9B12-B27CD29357A4}.Release|Any CPU.ActiveCfg = Release|Any CPU
		{AD77A0F9-F98A-4AB7-9B12-B27CD29357A4}.Release|Any CPU.Build.0 = Release|Any CPU
	EndGlobalSection
	GlobalSection(SolutionProperties) = preSolution
		HideSolutionNode = FALSE
	EndGlobalSection
	GlobalSection(ExtensibilityGlobals) = postSolution
		SolutionGuid = {88FBDF63-D40B-4494-B3D2-514F237B07D1}
	EndGlobalSection
EndGlobal
